# THIS IS AN AUTOGENERATED FILE. DO NOT EDIT THIS FILE DIRECTLY.
# yarn lockfile v1


"@handsontable/pikaday@^1.0.0":
  version "1.0.0"
  resolved "https://registry.yarnpkg.com/@handsontable/pikaday/-/pikaday-1.0.0.tgz#21a432b727791d48f4f231094d999b1a4b5f6f5f"
  integrity sha512-1VN6N38t5/DcjJ7y7XUYrDx1LuzvvzlrFdBdMG90Qo1xc8+LXHqbWbsTEm5Ec5gXTEbDEO53vUT35R+2COmOyg==

"@types/trusted-types@^2.0.7":
  version "2.0.7"
  resolved "https://registry.yarnpkg.com/@types/trusted-types/-/trusted-types-2.0.7.tgz#baccb07a970b91707df3a3e8ba6896c57ead2d11"
  integrity sha512-ScaPdn1dQczgbl0QFTeTOmVHFULt394XJgOQNoyVhZ6r2vLnMLJfBPd53SB52T/3G36VI1/g2MZaX0cwDuXsfw==

"bignumber.js@^8 || ^9":
  version "9.1.2"
  resolved "https://registry.yarnpkg.com/bignumber.js/-/bignumber.js-9.1.2.tgz#b7c4242259c008903b13707983b5f4bbd31eda0c"
  integrity sha512-2/mKyZH9K85bzOEfhXDBFZTGd1CTs+5IHpeFQo9luiBG7hghdC851Pj2WAhb6E3R6b9tZj/XKhbg4fum+Kepug==

chevrotain@^6.5.0:
  version "6.5.0"
  resolved "https://registry.yarnpkg.com/chevrotain/-/chevrotain-6.5.0.tgz#dcbef415516b0af80fd423cc0d96b28d3f11374e"
  integrity sha512-BwqQ/AgmKJ8jcMEjaSnfMybnKMgGTrtDKowfTP3pX4jwVy0kNjRsT/AP6h+wC3+3NC+X8X15VWBnTCQlX+wQFg==
  dependencies:
    regexp-to-ast "0.4.0"

core-js@^3.37.0:
  version "3.41.0"
  resolved "https://registry.yarnpkg.com/core-js/-/core-js-3.41.0.tgz#57714dafb8c751a6095d028a7428f1fb5834a776"
  integrity sha512-SJ4/EHwS36QMJd6h/Rg+GyR4A5xE0FSI3eZ+iBVpfqf1x0eTSg1smWLHrA+2jQThZSh97fmSgFSU8B61nxosxA==

dompurify@^3.1.7:
  version "3.2.4"
  resolved "https://registry.yarnpkg.com/dompurify/-/dompurify-3.2.4.tgz#af5a5a11407524431456cf18836c55d13441cd8e"
  integrity sha512-ysFSFEDVduQpyhzAob/kkuJjf5zWkZD8/A9ywSp1byueyuCfHamrCBa14/Oc2iiB0e51B+NpxSl5gmzn+Ms/mg==
  optionalDependencies:
    "@types/trusted-types" "^2.0.7"

handsontable@^15.2.0:
  version "15.2.0"
  resolved "https://registry.yarnpkg.com/handsontable/-/handsontable-15.2.0.tgz#e3a2e3049438761e419389e819725bd18080e429"
  integrity sha512-QccHZkowqciFgyUyG/BUidatHpDkkUgx1O6v6czpU/ZgT3blmEpNFhErblC/JsWb6uVxbDfgW2vpW5eQNsU8GA==
  dependencies:
    "@handsontable/pikaday" "^1.0.0"
    core-js "^3.37.0"
    dompurify "^3.1.7"
    moment "2.30.1"
    numbro "2.5.0"
  optionalDependencies:
    hyperformula "^3.0.0"

hyperformula@^3.0.0:
  version "3.0.0"
  resolved "https://registry.yarnpkg.com/hyperformula/-/hyperformula-3.0.0.tgz#741d96ce54ef370ace5cf56b19aeb0ba9a7858e9"
  integrity sha512-fAmwxQnbo405llUZiLcnrQTWA26kmbWZk+Cn58PJrANJ/xHBk7ls0ilcNJRIJdti5Z6AqPVi0hZSKvHLbTYtyQ==
  dependencies:
    chevrotain "^6.5.0"
    tiny-emitter "^2.1.0"

moment@2.30.1:
  version "2.30.1"
  resolved "https://registry.yarnpkg.com/moment/-/moment-2.30.1.tgz#f8c91c07b7a786e30c59926df530b4eac96974ae"
  integrity sha512-uEmtNhbDOrWPFS+hdjFCBfy9f2YoyzRpwcl+DqpC6taX21FzsTLQVbMV/W7PzNSX6x/bhC1zA3c2UQ5NzH6how==

numbro@2.5.0:
  version "2.5.0"
  resolved "https://registry.yarnpkg.com/numbro/-/numbro-2.5.0.tgz#a16c6e65a692b96c1629a392be9a50984b194e73"
  integrity sha512-xDcctDimhzko/e+y+Q2/8i3qNC9Svw1QgOkSkQoO0kIPI473tR9QRbo2KP88Ty9p8WbPy+3OpTaAIzehtuHq+A==
  dependencies:
    bignumber.js "^8 || ^9"

regexp-to-ast@0.4.0:
  version "0.4.0"
  resolved "https://registry.yarnpkg.com/regexp-to-ast/-/regexp-to-ast-0.4.0.tgz#f3dbcb42726cd71902ba50193f63eab5325cd7cb"
  integrity sha512-4qf/7IsIKfSNHQXSwial1IFmfM1Cc/whNBQqRwe0V2stPe7KmN1U0tWQiIx6JiirgSrisjE0eECdNf7Tav1Ntw==

tiny-emitter@^2.1.0:
  version "2.1.0"
  resolved "https://registry.yarnpkg.com/tiny-emitter/-/tiny-emitter-2.1.0.tgz#1d1a56edfc51c43e863cbb5382a72330e3555423"
  integrity sha512-NB6Dk1A9xgQPMoGqC5CVXn123gWyte215ONT5Pp5a0yt4nlEoO1ZWeCwpncaekPHXO60i47ihFnZPiRPjRMq4Q==
